// !$*UTF8*$!
{
	archiveVersion = 1;
	classes = {
	};
	objectVersion = 51;
	objects = {

/* Begin PBXBuildFile section */
		0F30975D247EA1820038B496 /* GoogleService-Info.plist in Resources */ = {isa = PBXBuildFile; fileRef = 0F30975C247EA1820038B496 /* GoogleService-Info.plist */; };
		0F30975F247EA19D0038B496 /* Constants.swift in Sources */ = {isa = PBXBuildFile; fileRef = 0F30975E247EA19D0038B496 /* Constants.swift */; };
		0F309762247EA34D0038B496 /* nusuhc.png in Resources */ = {isa = PBXBuildFile; fileRef = 0F309761247EA34D0038B496 /* nusuhc.png */; };
		0FFBEA91247FD77E0037AF6A /* ForgotPasswordViewController.swift in Sources */ = {isa = PBXBuildFile; fileRef = 0FFBEA90247FD77E0037AF6A /* ForgotPasswordViewController.swift */; };
		0FFBEA94248142710037AF6A /* SignUpViewController+UI.swift in Sources */ = {isa = PBXBuildFile; fileRef = 0FFBEA93248142710037AF6A /* SignUpViewController+UI.swift */; };
		0FFBEA96248147950037AF6A /* LoginViewController + UI.swift in Sources */ = {isa = PBXBuildFile; fileRef = 0FFBEA95248147950037AF6A /* LoginViewController + UI.swift */; };
		5A1B702004C9F8BA537B94EA /* Pods_UHC.framework in Frameworks */ = {isa = PBXBuildFile; fileRef = 39F421AC7B52850735FEA4EB /* Pods_UHC.framework */; };
		C703097B247BF1BC0064417A /* AppDelegate.swift in Sources */ = {isa = PBXBuildFile; fileRef = C703097A247BF1BC0064417A /* AppDelegate.swift */; };
		C703097D247BF1BC0064417A /* SceneDelegate.swift in Sources */ = {isa = PBXBuildFile; fileRef = C703097C247BF1BC0064417A /* SceneDelegate.swift */; };
		C703097F247BF1BC0064417A /* ViewController.swift in Sources */ = {isa = PBXBuildFile; fileRef = C703097E247BF1BC0064417A /* ViewController.swift */; };
		C7030982247BF1BC0064417A /* Main.storyboard in Resources */ = {isa = PBXBuildFile; fileRef = C7030980247BF1BC0064417A /* Main.storyboard */; };
		C7030984247BF1C10064417A /* Assets.xcassets in Resources */ = {isa = PBXBuildFile; fileRef = C7030983247BF1C10064417A /* Assets.xcassets */; };
		C7030987247BF1C10064417A /* LaunchScreen.storyboard in Resources */ = {isa = PBXBuildFile; fileRef = C7030985247BF1C10064417A /* LaunchScreen.storyboard */; };
		C703098F247BF64C0064417A /* SignUpViewController.swift in Sources */ = {isa = PBXBuildFile; fileRef = C703098E247BF64C0064417A /* SignUpViewController.swift */; };
		C7030991247BF66C0064417A /* LoginViewController.swift in Sources */ = {isa = PBXBuildFile; fileRef = C7030990247BF66C0064417A /* LoginViewController.swift */; };
		C7030993247BF68F0064417A /* HomeViewController.swift in Sources */ = {isa = PBXBuildFile; fileRef = C7030992247BF68F0064417A /* HomeViewController.swift */; };
		C7030997247D37A90064417A /* Utilities.swift in Sources */ = {isa = PBXBuildFile; fileRef = C7030996247D37A90064417A /* Utilities.swift */; };
/* End PBXBuildFile section */

/* Begin PBXFileReference section */
		0F30975C247EA1820038B496 /* GoogleService-Info.plist */ = {isa = PBXFileReference; fileEncoding = 4; lastKnownFileType = text.plist.xml; path = "GoogleService-Info.plist"; sourceTree = "<group>"; };
		0F30975E247EA19D0038B496 /* Constants.swift */ = {isa = PBXFileReference; fileEncoding = 4; lastKnownFileType = sourcecode.swift; path = Constants.swift; sourceTree = "<group>"; };
		0F309761247EA34D0038B496 /* nusuhc.png */ = {isa = PBXFileReference; lastKnownFileType = image.png; path = nusuhc.png; sourceTree = "<group>"; };
		0FFBEA90247FD77E0037AF6A /* ForgotPasswordViewController.swift */ = {isa = PBXFileReference; lastKnownFileType = sourcecode.swift; path = ForgotPasswordViewController.swift; sourceTree = "<group>"; };
		0FFBEA93248142710037AF6A /* SignUpViewController+UI.swift */ = {isa = PBXFileReference; lastKnownFileType = sourcecode.swift; path = "SignUpViewController+UI.swift"; sourceTree = "<group>"; };
		0FFBEA95248147950037AF6A /* LoginViewController + UI.swift */ = {isa = PBXFileReference; lastKnownFileType = sourcecode.swift; path = "LoginViewController + UI.swift"; sourceTree = "<group>"; };
		39F421AC7B52850735FEA4EB /* Pods_UHC.framework */ = {isa = PBXFileReference; explicitFileType = wrapper.framework; includeInIndex = 0; path = Pods_UHC.framework; sourceTree = BUILT_PRODUCTS_DIR; };
		3CE7FFCBF452EC5570D3908B /* Pods-UHC.release.xcconfig */ = {isa = PBXFileReference; includeInIndex = 1; lastKnownFileType = text.xcconfig; name = "Pods-UHC.release.xcconfig"; path = "Target Support Files/Pods-UHC/Pods-UHC.release.xcconfig"; sourceTree = "<group>"; };
		C7030977247BF1BC0064417A /* UHC.app */ = {isa = PBXFileReference; explicitFileType = wrapper.application; includeInIndex = 0; path = UHC.app; sourceTree = BUILT_PRODUCTS_DIR; };
		C703097A247BF1BC0064417A /* AppDelegate.swift */ = {isa = PBXFileReference; lastKnownFileType = sourcecode.swift; path = AppDelegate.swift; sourceTree = "<group>"; };
		C703097C247BF1BC0064417A /* SceneDelegate.swift */ = {isa = PBXFileReference; lastKnownFileType = sourcecode.swift; path = SceneDelegate.swift; sourceTree = "<group>"; };
		C703097E247BF1BC0064417A /* ViewController.swift */ = {isa = PBXFileReference; lastKnownFileType = sourcecode.swift; path = ViewController.swift; sourceTree = "<group>"; };
		C7030981247BF1BC0064417A /* Base */ = {isa = PBXFileReference; lastKnownFileType = file.storyboard; name = Base; path = Base.lproj/Main.storyboard; sourceTree = "<group>"; };
		C7030983247BF1C10064417A /* Assets.xcassets */ = {isa = PBXFileReference; lastKnownFileType = folder.assetcatalog; path = Assets.xcassets; sourceTree = "<group>"; };
		C7030986247BF1C10064417A /* Base */ = {isa = PBXFileReference; lastKnownFileType = file.storyboard; name = Base; path = Base.lproj/LaunchScreen.storyboard; sourceTree = "<group>"; };
		C7030988247BF1C10064417A /* Info.plist */ = {isa = PBXFileReference; lastKnownFileType = text.plist.xml; path = Info.plist; sourceTree = "<group>"; };
		C703098E247BF64C0064417A /* SignUpViewController.swift */ = {isa = PBXFileReference; lastKnownFileType = sourcecode.swift; path = SignUpViewController.swift; sourceTree = "<group>"; };
		C7030990247BF66C0064417A /* LoginViewController.swift */ = {isa = PBXFileReference; lastKnownFileType = sourcecode.swift; path = LoginViewController.swift; sourceTree = "<group>"; };
		C7030992247BF68F0064417A /* HomeViewController.swift */ = {isa = PBXFileReference; lastKnownFileType = sourcecode.swift; path = HomeViewController.swift; sourceTree = "<group>"; };
		C7030996247D37A90064417A /* Utilities.swift */ = {isa = PBXFileReference; lastKnownFileType = sourcecode.swift; path = Utilities.swift; sourceTree = "<group>"; };
		F2231B36CC48B8D045A757F0 /* Pods-UHC.debug.xcconfig */ = {isa = PBXFileReference; includeInIndex = 1; lastKnownFileType = text.xcconfig; name = "Pods-UHC.debug.xcconfig"; path = "Target Support Files/Pods-UHC/Pods-UHC.debug.xcconfig"; sourceTree = "<group>"; };
/* End PBXFileReference section */

/* Begin PBXFrameworksBuildPhase section */
		C7030974247BF1BC0064417A /* Frameworks */ = {
			isa = PBXFrameworksBuildPhase;
			buildActionMask = 2147483647;
			files = (
				5A1B702004C9F8BA537B94EA /* Pods_UHC.framework in Frameworks */,
			);
			runOnlyForDeploymentPostprocessing = 0;
		};
/* End PBXFrameworksBuildPhase section */

/* Begin PBXGroup section */
		0F309760247EA3360038B496 /* Media */ = {
			isa = PBXGroup;
			children = (
				0F309761247EA34D0038B496 /* nusuhc.png */,
			);
			path = Media;
			sourceTree = "<group>";
		};
		0FFBEA92248142580037AF6A /* Extensions */ = {
			isa = PBXGroup;
			children = (
				0FFBEA93248142710037AF6A /* SignUpViewController+UI.swift */,
				0FFBEA95248147950037AF6A /* LoginViewController + UI.swift */,
			);
			path = Extensions;
			sourceTree = "<group>";
		};
		2DCE87D3066C4317679DF1E1 /* Pods */ = {
			isa = PBXGroup;
			children = (
				F2231B36CC48B8D045A757F0 /* Pods-UHC.debug.xcconfig */,
				3CE7FFCBF452EC5570D3908B /* Pods-UHC.release.xcconfig */,
			);
			path = Pods;
			sourceTree = "<group>";
		};
		4C31C2736E231C2AC8293F67 /* Frameworks */ = {
			isa = PBXGroup;
			children = (
				39F421AC7B52850735FEA4EB /* Pods_UHC.framework */,
			);
			name = Frameworks;
			sourceTree = "<group>";
		};
		C703096E247BF1BC0064417A = {
			isa = PBXGroup;
			children = (
				C7030979247BF1BC0064417A /* UHC */,
				C7030978247BF1BC0064417A /* Products */,
				2DCE87D3066C4317679DF1E1 /* Pods */,
				4C31C2736E231C2AC8293F67 /* Frameworks */,
			);
			sourceTree = "<group>";
		};
		C7030978247BF1BC0064417A /* Products */ = {
			isa = PBXGroup;
			children = (
				C7030977247BF1BC0064417A /* UHC.app */,
			);
			name = Products;
			sourceTree = "<group>";
		};
		C7030979247BF1BC0064417A /* UHC */ = {
			isa = PBXGroup;
			children = (
				0F309760247EA3360038B496 /* Media */,
				C703097A247BF1BC0064417A /* AppDelegate.swift */,
				C703097C247BF1BC0064417A /* SceneDelegate.swift */,
				C7030995247D36850064417A /* Helpers */,
				C7030994247BF6AA0064417A /* View Controllers */,
				C7030980247BF1BC0064417A /* Main.storyboard */,
				C7030983247BF1C10064417A /* Assets.xcassets */,
				C7030985247BF1C10064417A /* LaunchScreen.storyboard */,
				C7030988247BF1C10064417A /* Info.plist */,
				0F30975C247EA1820038B496 /* GoogleService-Info.plist */,
			);
			path = UHC;
			sourceTree = "<group>";
		};
		C7030994247BF6AA0064417A /* View Controllers */ = {
			isa = PBXGroup;
			children = (
				0FFBEA92248142580037AF6A /* Extensions */,
				C703097E247BF1BC0064417A /* ViewController.swift */,
				C703098E247BF64C0064417A /* SignUpViewController.swift */,
				C7030990247BF66C0064417A /* LoginViewController.swift */,
				C7030992247BF68F0064417A /* HomeViewController.swift */,
				0FFBEA90247FD77E0037AF6A /* ForgotPasswordViewController.swift */,
			);
			path = "View Controllers";
			sourceTree = "<group>";
		};
		C7030995247D36850064417A /* Helpers */ = {
			isa = PBXGroup;
			children = (
				C7030996247D37A90064417A /* Utilities.swift */,
				0F30975E247EA19D0038B496 /* Constants.swift */,
			);
			path = Helpers;
			sourceTree = "<group>";
		};
/* End PBXGroup section */

/* Begin PBXNativeTarget section */
		C7030976247BF1BC0064417A /* UHC */ = {
			isa = PBXNativeTarget;
			buildConfigurationList = C703098B247BF1C10064417A /* Build configuration list for PBXNativeTarget "UHC" */;
			buildPhases = (
				486669764C1C6C2A93CFDB09 /* [CP] Check Pods Manifest.lock */,
				C7030973247BF1BC0064417A /* Sources */,
				C7030974247BF1BC0064417A /* Frameworks */,
				C7030975247BF1BC0064417A /* Resources */,
				A8AFE0DAE1248141C1E93716 /* [CP] Embed Pods Frameworks */,
			);
			buildRules = (
			);
			dependencies = (
			);
			name = UHC;
			productName = UHC;
			productReference = C7030977247BF1BC0064417A /* UHC.app */;
			productType = "com.apple.product-type.application";
		};
/* End PBXNativeTarget section */

/* Begin PBXProject section */
		C703096F247BF1BC0064417A /* Project object */ = {
			isa = PBXProject;
			attributes = {
				LastSwiftUpdateCheck = 1140;
				LastUpgradeCheck = 1140;
				ORGANIZATIONNAME = CommonHealth;
				TargetAttributes = {
					C7030976247BF1BC0064417A = {
						CreatedOnToolsVersion = 11.4.1;
					};
				};
			};
			buildConfigurationList = C7030972247BF1BC0064417A /* Build configuration list for PBXProject "UHC" */;
			compatibilityVersion = "Xcode 9.3";
			developmentRegion = en;
			hasScannedForEncodings = 0;
			knownRegions = (
				en,
				Base,
			);
			mainGroup = C703096E247BF1BC0064417A;
			productRefGroup = C7030978247BF1BC0064417A /* Products */;
			projectDirPath = "";
			projectRoot = "";
			targets = (
				C7030976247BF1BC0064417A /* UHC */,
			);
		};
/* End PBXProject section */

/* Begin PBXResourcesBuildPhase section */
		C7030975247BF1BC0064417A /* Resources */ = {
			isa = PBXResourcesBuildPhase;
			buildActionMask = 2147483647;
			files = (
				C7030987247BF1C10064417A /* LaunchScreen.storyboard in Resources */,
				0F30975D247EA1820038B496 /* GoogleService-Info.plist in Resources */,
				C7030984247BF1C10064417A /* Assets.xcassets in Resources */,
				0F309762247EA34D0038B496 /* nusuhc.png in Resources */,
				C7030982247BF1BC0064417A /* Main.storyboard in Resources */,
			);
			runOnlyForDeploymentPostprocessing = 0;
		};
/* End PBXResourcesBuildPhase section */

/* Begin PBXShellScriptBuildPhase section */
		486669764C1C6C2A93CFDB09 /* [CP] Check Pods Manifest.lock */ = {
			isa = PBXShellScriptBuildPhase;
			buildActionMask = 2147483647;
			files = (
			);
			inputFileListPaths = (
			);
			inputPaths = (
				"${PODS_PODFILE_DIR_PATH}/Podfile.lock",
				"${PODS_ROOT}/Manifest.lock",
			);
			name = "[CP] Check Pods Manifest.lock";
			outputFileListPaths = (
			);
			outputPaths = (
				"$(DERIVED_FILE_DIR)/Pods-UHC-checkManifestLockResult.txt",
			);
			runOnlyForDeploymentPostprocessing = 0;
			shellPath = /bin/sh;
			shellScript = "diff \"${PODS_PODFILE_DIR_PATH}/Podfile.lock\" \"${PODS_ROOT}/Manifest.lock\" > /dev/null\nif [ $? != 0 ] ; then\n    # print error to STDERR\n    echo \"error: The sandbox is not in sync with the Podfile.lock. Run 'pod install' or update your CocoaPods installation.\" >&2\n    exit 1\nfi\n# This output is used by Xcode 'outputs' to avoid re-running this script phase.\necho \"SUCCESS\" > \"${SCRIPT_OUTPUT_FILE_0}\"\n";
			showEnvVarsInLog = 0;
		};
		A8AFE0DAE1248141C1E93716 /* [CP] Embed Pods Frameworks */ = {
			isa = PBXShellScriptBuildPhase;
			buildActionMask = 2147483647;
			files = (
			);
			inputFileListPaths = (
				"${PODS_ROOT}/Target Support Files/Pods-UHC/Pods-UHC-frameworks-${CONFIGURATION}-input-files.xcfilelist",
			);
			name = "[CP] Embed Pods Frameworks";
			outputFileListPaths = (
				"${PODS_ROOT}/Target Support Files/Pods-UHC/Pods-UHC-frameworks-${CONFIGURATION}-output-files.xcfilelist",
			);
			runOnlyForDeploymentPostprocessing = 0;
			shellPath = /bin/sh;
			shellScript = "\"${PODS_ROOT}/Target Support Files/Pods-UHC/Pods-UHC-frameworks.sh\"\n";
			showEnvVarsInLog = 0;
		};
/* End PBXShellScriptBuildPhase section */

/* Begin PBXSourcesBuildPhase section */
		C7030973247BF1BC0064417A /* Sources */ = {
			isa = PBXSourcesBuildPhase;
			buildActionMask = 2147483647;
			files = (
				0FFBEA91247FD77E0037AF6A /* ForgotPasswordViewController.swift in Sources */,
				C703097F247BF1BC0064417A /* ViewController.swift in Sources */,
				C703097B247BF1BC0064417A /* AppDelegate.swift in Sources */,
				C7030997247D37A90064417A /* Utilities.swift in Sources */,
				0FFBEA94248142710037AF6A /* SignUpViewController+UI.swift in Sources */,
				C703098F247BF64C0064417A /* SignUpViewController.swift in Sources */,
				C7030991247BF66C0064417A /* LoginViewController.swift in Sources */,
				0FFBEA96248147950037AF6A /* LoginViewController + UI.swift in Sources */,
				C703097D247BF1BC0064417A /* SceneDelegate.swift in Sources */,
				C7030993247BF68F0064417A /* HomeViewController.swift in Sources */,
				0F30975F247EA19D0038B496 /* Constants.swift in Sources */,
			);
			runOnlyForDeploymentPostprocessing = 0;
		};
/* End PBXSourcesBuildPhase section */

/* Begin PBXVariantGroup section */
		C7030980247BF1BC0064417A /* Main.storyboard */ = {
			isa = PBXVariantGroup;
			children = (
				C7030981247BF1BC0064417A /* Base */,
			);
			name = Main.storyboard;
			sourceTree = "<group>";
		};
		C7030985247BF1C10064417A /* LaunchScreen.storyboard */ = {
			isa = PBXVariantGroup;
			children = (
				C7030986247BF1C10064417A /* Base */,
			);
			name = LaunchScreen.storyboard;
			sourceTree = "<group>";
		};
/* End PBXVariantGroup section */

/* Begin XCBuildConfiguration section */
		C7030989247BF1C10064417A /* Debug */ = {
			isa = XCBuildConfiguration;
			buildSettings = {
				ALWAYS_SEARCH_USER_PATHS = NO;
				CLANG_ANALYZER_NONNULL = YES;
				CLANG_ANALYZER_NUMBER_OBJECT_CONVERSION = YES_AGGRESSIVE;
				CLANG_CXX_LANGUAGE_STANDARD = "gnu++14";
				CLANG_CXX_LIBRARY = "libc++";
				CLANG_ENABLE_MODULES = YES;
				CLANG_ENABLE_OBJC_ARC = YES;
				CLANG_ENABLE_OBJC_WEAK = YES;
				CLANG_WARN_BLOCK_CAPTURE_AUTORELEASING = YES;
				CLANG_WARN_BOOL_CONVERSION = YES;
				CLANG_WARN_COMMA = YES;
				CLANG_WARN_CONSTANT_CONVERSION = YES;
				CLANG_WARN_DEPRECATED_OBJC_IMPLEMENTATIONS = YES;
				CLANG_WARN_DIRECT_OBJC_ISA_USAGE = YES_ERROR;
				CLANG_WARN_DOCUMENTATION_COMMENTS = YES;
				CLANG_WARN_EMPTY_BODY = YES;
				CLANG_WARN_ENUM_CONVERSION = YES;
				CLANG_WARN_INFINITE_RECURSION = YES;
				CLANG_WARN_INT_CONVERSION = YES;
				CLANG_WARN_NON_LITERAL_NULL_CONVERSION = YES;
				CLANG_WARN_OBJC_IMPLICIT_RETAIN_SELF = YES;
				CLANG_WARN_OBJC_LITERAL_CONVERSION = YES;
				CLANG_WARN_OBJC_ROOT_CLASS = YES_ERROR;
				CLANG_WARN_RANGE_LOOP_ANALYSIS = YES;
				CLANG_WARN_STRICT_PROTOTYPES = YES;
				CLANG_WARN_SUSPICIOUS_MOVE = YES;
				CLANG_WARN_UNGUARDED_AVAILABILITY = YES_AGGRESSIVE;
				CLANG_WARN_UNREACHABLE_CODE = YES;
				CLANG_WARN__DUPLICATE_METHOD_MATCH = YES;
				COPY_PHASE_STRIP = NO;
				DEBUG_INFORMATION_FORMAT = dwarf;
				ENABLE_STRICT_OBJC_MSGSEND = YES;
				ENABLE_TESTABILITY = YES;
				GCC_C_LANGUAGE_STANDARD = gnu11;
				GCC_DYNAMIC_NO_PIC = NO;
				GCC_NO_COMMON_BLOCKS = YES;
				GCC_OPTIMIZATION_LEVEL = 0;
				GCC_PREPROCESSOR_DEFINITIONS = (
					"DEBUG=1",
					"$(inherited)",
				);
				GCC_WARN_64_TO_32_BIT_CONVERSION = YES;
				GCC_WARN_ABOUT_RETURN_TYPE = YES_ERROR;
				GCC_WARN_UNDECLARED_SELECTOR = YES;
				GCC_WARN_UNINITIALIZED_AUTOS = YES_AGGRESSIVE;
				GCC_WARN_UNUSED_FUNCTION = YES;
				GCC_WARN_UNUSED_VARIABLE = YES;
				IPHONEOS_DEPLOYMENT_TARGET = 13.4;
				MTL_ENABLE_DEBUG_INFO = INCLUDE_SOURCE;
				MTL_FAST_MATH = YES;
				ONLY_ACTIVE_ARCH = YES;
				SDKROOT = iphoneos;
				SWIFT_ACTIVE_COMPILATION_CONDITIONS = DEBUG;
				SWIFT_OPTIMIZATION_LEVEL = "-Onone";
			};
			name = Debug;
		};
		C703098A247BF1C10064417A /* Release */ = {
			isa = XCBuildConfiguration;
			buildSettings = {
				ALWAYS_SEARCH_USER_PATHS = NO;
				CLANG_ANALYZER_NONNULL = YES;
				CLANG_ANALYZER_NUMBER_OBJECT_CONVERSION = YES_AGGRESSIVE;
				CLANG_CXX_LANGUAGE_STANDARD = "gnu++14";
				CLANG_CXX_LIBRARY = "libc++";
				CLANG_ENABLE_MODULES = YES;
				CLANG_ENABLE_OBJC_ARC = YES;
				CLANG_ENABLE_OBJC_WEAK = YES;
				CLANG_WARN_BLOCK_CAPTURE_AUTORELEASING = YES;
				CLANG_WARN_BOOL_CONVERSION = YES;
				CLANG_WARN_COMMA = YES;
				CLANG_WARN_CONSTANT_CONVERSION = YES;
				CLANG_WARN_DEPRECATED_OBJC_IMPLEMENTATIONS = YES;
				CLANG_WARN_DIRECT_OBJC_ISA_USAGE = YES_ERROR;
				CLANG_WARN_DOCUMENTATION_COMMENTS = YES;
				CLANG_WARN_EMPTY_BODY = YES;
				CLANG_WARN_ENUM_CONVERSION = YES;
				CLANG_WARN_INFINITE_RECURSION = YES;
				CLANG_WARN_INT_CONVERSION = YES;
				CLANG_WARN_NON_LITERAL_NULL_CONVERSION = YES;
				CLANG_WARN_OBJC_IMPLICIT_RETAIN_SELF = YES;
				CLANG_WARN_OBJC_LITERAL_CONVERSION = YES;
				CLANG_WARN_OBJC_ROOT_CLASS = YES_ERROR;
				CLANG_WARN_RANGE_LOOP_ANALYSIS = YES;
				CLANG_WARN_STRICT_PROTOTYPES = YES;
				CLANG_WARN_SUSPICIOUS_MOVE = YES;
				CLANG_WARN_UNGUARDED_AVAILABILITY = YES_AGGRESSIVE;
				CLANG_WARN_UNREACHABLE_CODE = YES;
				CLANG_WARN__DUPLICATE_METHOD_MATCH = YES;
				COPY_PHASE_STRIP = NO;
				DEBUG_INFORMATION_FORMAT = "dwarf-with-dsym";
				ENABLE_NS_ASSERTIONS = NO;
				ENABLE_STRICT_OBJC_MSGSEND = YES;
				GCC_C_LANGUAGE_STANDARD = gnu11;
				GCC_NO_COMMON_BLOCKS = YES;
				GCC_WARN_64_TO_32_BIT_CONVERSION = YES;
				GCC_WARN_ABOUT_RETURN_TYPE = YES_ERROR;
				GCC_WARN_UNDECLARED_SELECTOR = YES;
				GCC_WARN_UNINITIALIZED_AUTOS = YES_AGGRESSIVE;
				GCC_WARN_UNUSED_FUNCTION = YES;
				GCC_WARN_UNUSED_VARIABLE = YES;
				IPHONEOS_DEPLOYMENT_TARGET = 13.4;
				MTL_ENABLE_DEBUG_INFO = NO;
				MTL_FAST_MATH = YES;
				SDKROOT = iphoneos;
				SWIFT_COMPILATION_MODE = wholemodule;
				SWIFT_OPTIMIZATION_LEVEL = "-O";
				VALIDATE_PRODUCT = YES;
			};
			name = Release;
		};
		C703098C247BF1C10064417A /* Debug */ = {
			isa = XCBuildConfiguration;
			baseConfigurationReference = F2231B36CC48B8D045A757F0 /* Pods-UHC.debug.xcconfig */;
			buildSettings = {
				ASSETCATALOG_COMPILER_APPICON_NAME = AppIcon;
				CODE_SIGN_STYLE = Automatic;
				INFOPLIST_FILE = UHC/Info.plist;
				LD_RUNPATH_SEARCH_PATHS = (
					"$(inherited)",
					"@executable_path/Frameworks",
				);
				PRODUCT_BUNDLE_IDENTIFIER = com.commonhealth.UHC;
				PRODUCT_NAME = "$(TARGET_NAME)";
				SWIFT_VERSION = 5.0;
				TARGETED_DEVICE_FAMILY = "1,2";
			};
			name = Debug;
		};
		C703098D247BF1C10064417A /* Release */ = {
			isa = XCBuildConfiguration;
			baseConfigurationReference = 3CE7FFCBF452EC5570D3908B /* Pods-UHC.release.xcconfig */;
			buildSettings = {
				ASSETCATALOG_COMPILER_APPICON_NAME = AppIcon;
				CODE_SIGN_STYLE = Automatic;
				INFOPLIST_FILE = UHC/Info.plist;
				LD_RUNPATH_SEARCH_PATHS = (
					"$(inherited)",
					"@executable_path/Frameworks",
				);
				PRODUCT_BUNDLE_IDENTIFIER = com.commonhealth.UHC;
				PRODUCT_NAME = "$(TARGET_NAME)";
				SWIFT_VERSION = 5.0;
				TARGETED_DEVICE_FAMILY = "1,2";
			};
			name = Release;
		};
/* End XCBuildConfiguration section */

/* Begin XCConfigurationList section */
		C7030972247BF1BC0064417A /* Build configuration list for PBXProject "UHC" */ = {
			isa = XCConfigurationList;
			buildConfigurations = (
				C7030989247BF1C10064417A /* Debug */,
				C703098A247BF1C10064417A /* Release */,
			);
			defaultConfigurationIsVisible = 0;
			defaultConfigurationName = Release;
		};
		C703098B247BF1C10064417A /* Build configuration list for PBXNativeTarget "UHC" */ = {
			isa = XCConfigurationList;
			buildConfigurations = (
				C703098C247BF1C10064417A /* Debug */,
				C703098D247BF1C10064417A /* Release */,
			);
			defaultConfigurationIsVisible = 0;
			defaultConfigurationName = Release;
		};
/* End XCConfigurationList section */
	};
	rootObject = C703096F247BF1BC0064417A /* Project object */;
}
